
Microsoft Visual Studio Solution File, Format Version 12.00
# Visual Studio Version 17
VisualStudioVersion = 17.10.35013.160
MinimumVisualStudioVersion = 10.0.40219.1
Project("{FAE04EC0-301F-11D3-BF4B-00C04F79EFBC}") = "compute_winform", "compute_winform\compute_winform.csproj", "{904B2E07-41A1-41C7-8F11-2F2666BA154D}"
EndProject
Global
	GlobalSection(SolutionConfigurationPlatforms) = preSolution
		Debug|Any CPU = Debug|Any CPU
		Release|Any CPU = Release|Any CPU
	EndGlobalSection
	GlobalSection(ProjectConfigurationPlatforms) = postSolution
		{904B2E07-41A1-41C7-8F11-2F2666BA154D}.Debug|Any CPU.ActiveCfg = Debug|Any CPU
		{904B2E07-41A1-41C7-8F11-2F2666BA154D}.Debug|Any CPU.Build.0 = Debug|Any CPU
		{904B2E07-41A1-41C7-8F11-2F2666BA154D}.Release|Any CPU.ActiveCfg = Release|Any CPU
		{904B2E07-41A1-41C7-8F11-2F2666BA154D}.Release|Any CPU.Build.0 = Release|Any CPU
	EndGlobalSection
	GlobalSection(SolutionProperties) = preSolution
		HideSolutionNode = FALSE
	EndGlobalSection
	GlobalSection(ExtensibilityGlobals) = postSolution
		SolutionGuid = {F7A50421-4324-408B-A058-05B8B4D40CDC}
	EndGlobalSection
EndGlobal
