
Microsoft Visual Studio Solution File, Format Version 12.00
# Visual Studio Version 17
VisualStudioVersion = 17.10.35013.160
MinimumVisualStudioVersion = 10.0.40219.1
Project("{FAE04EC0-301F-11D3-BF4B-00C04F79EFBC}") = "1.shape", "1.shape\1.shape.csproj", "{7688F34E-C1FD-42FD-9D3D-839E51E95C36}"
EndProject
Global
	GlobalSection(SolutionConfigurationPlatforms) = preSolution
		Debug|Any CPU = Debug|Any CPU
		Release|Any CPU = Release|Any CPU
	EndGlobalSection
	GlobalSection(ProjectConfigurationPlatforms) = postSolution
		{7688F34E-C1FD-42FD-9D3D-839E51E95C36}.Debug|Any CPU.ActiveCfg = Debug|Any CPU
		{7688F34E-C1FD-42FD-9D3D-839E51E95C36}.Debug|Any CPU.Build.0 = Debug|Any CPU
		{7688F34E-C1FD-42FD-9D3D-839E51E95C36}.Release|Any CPU.ActiveCfg = Release|Any CPU
		{7688F34E-C1FD-42FD-9D3D-839E51E95C36}.Release|Any CPU.Build.0 = Release|Any CPU
	EndGlobalSection
	GlobalSection(SolutionProperties) = preSolution
		HideSolutionNode = FALSE
	EndGlobalSection
	GlobalSection(ExtensibilityGlobals) = postSolution
		SolutionGuid = {EE3C80A1-C92B-4092-B927-4F253ED3FA23}
	EndGlobalSection
EndGlobal
