
Microsoft Visual Studio Solution File, Format Version 12.00
# Visual Studio Version 17
VisualStudioVersion = 17.10.35013.160
MinimumVisualStudioVersion = 10.0.40219.1
Project("{FAE04EC0-301F-11D3-BF4B-00C04F79EFBC}") = "HW1", "HW1\HW1.csproj", "{259B8F79-AB38-474A-A081-FF31934E9DC1}"
EndProject
Global
	GlobalSection(SolutionConfigurationPlatforms) = preSolution
		Debug|Any CPU = Debug|Any CPU
		Release|Any CPU = Release|Any CPU
	EndGlobalSection
	GlobalSection(ProjectConfigurationPlatforms) = postSolution
		{259B8F79-AB38-474A-A081-FF31934E9DC1}.Debug|Any CPU.ActiveCfg = Debug|Any CPU
		{259B8F79-AB38-474A-A081-FF31934E9DC1}.Debug|Any CPU.Build.0 = Debug|Any CPU
		{259B8F79-AB38-474A-A081-FF31934E9DC1}.Release|Any CPU.ActiveCfg = Release|Any CPU
		{259B8F79-AB38-474A-A081-FF31934E9DC1}.Release|Any CPU.Build.0 = Release|Any CPU
	EndGlobalSection
	GlobalSection(SolutionProperties) = preSolution
		HideSolutionNode = FALSE
	EndGlobalSection
	GlobalSection(ExtensibilityGlobals) = postSolution
		SolutionGuid = {1D2CEED5-CD04-4463-9A67-5858CDBB0205}
	EndGlobalSection
EndGlobal
